// !$*UTF8*$!
{
	archiveVersion = 1;
	classes = {
	};
	objectVersion = 50;
	objects = {

/* Begin PBXBuildFile section */
		C03F9D08249593B8000A40A9 /* pyramid.cpp in Sources */ = {isa = PBXBuildFile; fileRef = C03F9CFA24959357000A40A9 /* pyramid.cpp */; };
		C03F9D1524959451000A40A9 /* basetobase.cpp in Sources */ = {isa = PBXBuildFile; fileRef = C03F9D092495942B000A40A9 /* basetobase.cpp */; };
		C0BA5C5D249698A100C30E26 /* oier.cpp in Sources */ = {isa = PBXBuildFile; fileRef = C0BA5C512496988600C30E26 /* oier.cpp */; };
/* End PBXBuildFile section */

/* Begin PBXCopyFilesBuildPhase section */
		C03F9CFF249593A0000A40A9 /* CopyFiles */ = {
			isa = PBXCopyFilesBuildPhase;
			buildActionMask = 2147483647;
			dstPath = /usr/share/man/man1/;
			dstSubfolderSpec = 0;
			files = (
			);
			runOnlyForDeploymentPostprocessing = 1;
		};
		C03F9D0C2495944A000A40A9 /* CopyFiles */ = {
			isa = PBXCopyFilesBuildPhase;
			buildActionMask = 2147483647;
			dstPath = /usr/share/man/man1/;
			dstSubfolderSpec = 0;
			files = (
			);
			runOnlyForDeploymentPostprocessing = 1;
		};
		C0BA5C542496989A00C30E26 /* CopyFiles */ = {
			isa = PBXCopyFilesBuildPhase;
			buildActionMask = 2147483647;
			dstPath = /usr/share/man/man1/;
			dstSubfolderSpec = 0;
			files = (
			);
			runOnlyForDeploymentPostprocessing = 1;
		};
/* End PBXCopyFilesBuildPhase section */

/* Begin PBXFileReference section */
		C03F9CFA24959357000A40A9 /* pyramid.cpp */ = {isa = PBXFileReference; lastKnownFileType = sourcecode.cpp.cpp; path = pyramid.cpp; sourceTree = "<group>"; };
		C03F9D01249593A0000A40A9 /* printpyramid */ = {isa = PBXFileReference; explicitFileType = "compiled.mach-o.executable"; includeInIndex = 0; path = printpyramid; sourceTree = BUILT_PRODUCTS_DIR; };
		C03F9D03249593A0000A40A9 /* main.cpp */ = {isa = PBXFileReference; lastKnownFileType = sourcecode.cpp.cpp; path = main.cpp; sourceTree = "<group>"; };
		C03F9D092495942B000A40A9 /* basetobase.cpp */ = {isa = PBXFileReference; lastKnownFileType = sourcecode.cpp.cpp; path = basetobase.cpp; sourceTree = "<group>"; };
		C03F9D0E2495944A000A40A9 /* basetobase */ = {isa = PBXFileReference; explicitFileType = "compiled.mach-o.executable"; includeInIndex = 0; path = basetobase; sourceTree = BUILT_PRODUCTS_DIR; };
		C03F9D102495944A000A40A9 /* main.cpp */ = {isa = PBXFileReference; lastKnownFileType = sourcecode.cpp.cpp; path = main.cpp; sourceTree = "<group>"; };
		C0BA5C512496988600C30E26 /* oier.cpp */ = {isa = PBXFileReference; lastKnownFileType = sourcecode.cpp.cpp; path = oier.cpp; sourceTree = "<group>"; };
		C0BA5C562496989A00C30E26 /* oier */ = {isa = PBXFileReference; explicitFileType = "compiled.mach-o.executable"; includeInIndex = 0; path = oier; sourceTree = BUILT_PRODUCTS_DIR; };
		C0BA5C582496989A00C30E26 /* main.cpp */ = {isa = PBXFileReference; lastKnownFileType = sourcecode.cpp.cpp; path = main.cpp; sourceTree = "<group>"; };
		C0BA5C5E24969E6700C30E26 /* fibonacci.cpp */ = {isa = PBXFileReference; lastKnownFileType = sourcecode.cpp.cpp; path = fibonacci.cpp; sourceTree = "<group>"; };
		C0BA5C5F24969F3700C30E26 /* polynomial1.cpp */ = {isa = PBXFileReference; lastKnownFileType = sourcecode.cpp.cpp; path = polynomial1.cpp; sourceTree = "<group>"; };
		C0BA5C612496A09D00C30E26 /* secretcode.cpp */ = {isa = PBXFileReference; lastKnownFileType = sourcecode.cpp.cpp; path = secretcode.cpp; sourceTree = "<group>"; };
		C0BA5C622496A1D200C30E26 /* minesweeper.cpp */ = {isa = PBXFileReference; lastKnownFileType = sourcecode.cpp.cpp; path = minesweeper.cpp; sourceTree = "<group>"; };
/* End PBXFileReference section */

/* Begin PBXFrameworksBuildPhase section */
		C03F9CFE249593A0000A40A9 /* Frameworks */ = {
			isa = PBXFrameworksBuildPhase;
			buildActionMask = 2147483647;
			files = (
			);
			runOnlyForDeploymentPostprocessing = 0;
		};
		C03F9D0B2495944A000A40A9 /* Frameworks */ = {
			isa = PBXFrameworksBuildPhase;
			buildActionMask = 2147483647;
			files = (
			);
			runOnlyForDeploymentPostprocessing = 0;
		};
		C0BA5C532496989A00C30E26 /* Frameworks */ = {
			isa = PBXFrameworksBuildPhase;
			buildActionMask = 2147483647;
			files = (
			);
			runOnlyForDeploymentPostprocessing = 0;
		};
/* End PBXFrameworksBuildPhase section */

/* Begin PBXGroup section */
		C03F9CE72495930D000A40A9 = {
			isa = PBXGroup;
			children = (
				C03F9CF22495930D000A40A9 /* Lesson-9-Functions */,
				C03F9D02249593A0000A40A9 /* printpyramid */,
				C03F9D0F2495944A000A40A9 /* basetobase */,
				C0BA5C572496989A00C30E26 /* oier */,
				C03F9CF12495930D000A40A9 /* Products */,
			);
			sourceTree = "<group>";
		};
		C03F9CF12495930D000A40A9 /* Products */ = {
			isa = PBXGroup;
			children = (
				C03F9D01249593A0000A40A9 /* printpyramid */,
				C03F9D0E2495944A000A40A9 /* basetobase */,
				C0BA5C562496989A00C30E26 /* oier */,
			);
			name = Products;
			sourceTree = "<group>";
		};
		C03F9CF22495930D000A40A9 /* Lesson-9-Functions */ = {
			isa = PBXGroup;
			children = (
				C03F9CFA24959357000A40A9 /* pyramid.cpp */,
				C03F9D092495942B000A40A9 /* basetobase.cpp */,
				C0BA5C512496988600C30E26 /* oier.cpp */,
				C0BA5C5E24969E6700C30E26 /* fibonacci.cpp */,
				C0BA5C5F24969F3700C30E26 /* polynomial1.cpp */,
				C0BA5C612496A09D00C30E26 /* secretcode.cpp */,
				C0BA5C622496A1D200C30E26 /* minesweeper.cpp */,
			);
			path = "Lesson-9-Functions";
			sourceTree = "<group>";
		};
		C03F9D02249593A0000A40A9 /* printpyramid */ = {
			isa = PBXGroup;
			children = (
				C03F9D03249593A0000A40A9 /* main.cpp */,
			);
			path = printpyramid;
			sourceTree = "<group>";
		};
		C03F9D0F2495944A000A40A9 /* basetobase */ = {
			isa = PBXGroup;
			children = (
				C03F9D102495944A000A40A9 /* main.cpp */,
			);
			path = basetobase;
			sourceTree = "<group>";
		};
		C0BA5C572496989A00C30E26 /* oier */ = {
			isa = PBXGroup;
			children = (
				C0BA5C582496989A00C30E26 /* main.cpp */,
			);
			path = oier;
			sourceTree = "<group>";
		};
/* End PBXGroup section */

/* Begin PBXNativeTarget section */
		C03F9D00249593A0000A40A9 /* printpyramid */ = {
			isa = PBXNativeTarget;
			buildConfigurationList = C03F9D05249593A0000A40A9 /* Build configuration list for PBXNativeTarget "printpyramid" */;
			buildPhases = (
				C03F9CFD249593A0000A40A9 /* Sources */,
				C03F9CFE249593A0000A40A9 /* Frameworks */,
				C03F9CFF249593A0000A40A9 /* CopyFiles */,
			);
			buildRules = (
			);
			dependencies = (
			);
			name = printpyramid;
			productName = printpyramid;
			productReference = C03F9D01249593A0000A40A9 /* printpyramid */;
			productType = "com.apple.product-type.tool";
		};
		C03F9D0D2495944A000A40A9 /* basetobase */ = {
			isa = PBXNativeTarget;
			buildConfigurationList = C03F9D122495944A000A40A9 /* Build configuration list for PBXNativeTarget "basetobase" */;
			buildPhases = (
				C03F9D0A2495944A000A40A9 /* Sources */,
				C03F9D0B2495944A000A40A9 /* Frameworks */,
				C03F9D0C2495944A000A40A9 /* CopyFiles */,
			);
			buildRules = (
			);
			dependencies = (
			);
			name = basetobase;
			productName = basetobase;
			productReference = C03F9D0E2495944A000A40A9 /* basetobase */;
			productType = "com.apple.product-type.tool";
		};
		C0BA5C552496989A00C30E26 /* oier */ = {
			isa = PBXNativeTarget;
			buildConfigurationList = C0BA5C5A2496989A00C30E26 /* Build configuration list for PBXNativeTarget "oier" */;
			buildPhases = (
				C0BA5C522496989A00C30E26 /* Sources */,
				C0BA5C532496989A00C30E26 /* Frameworks */,
				C0BA5C542496989A00C30E26 /* CopyFiles */,
			);
			buildRules = (
			);
			dependencies = (
			);
			name = oier;
			productName = oier;
			productReference = C0BA5C562496989A00C30E26 /* oier */;
			productType = "com.apple.product-type.tool";
		};
/* End PBXNativeTarget section */

/* Begin PBXProject section */
		C03F9CE82495930D000A40A9 /* Project object */ = {
			isa = PBXProject;
			attributes = {
				LastUpgradeCheck = 1150;
				ORGANIZATIONNAME = "Daniel Zhu";
				TargetAttributes = {
					C03F9D00249593A0000A40A9 = {
						CreatedOnToolsVersion = 11.5;
					};
					C03F9D0D2495944A000A40A9 = {
						CreatedOnToolsVersion = 11.5;
					};
					C0BA5C552496989A00C30E26 = {
						CreatedOnToolsVersion = 11.5;
					};
				};
			};
			buildConfigurationList = C03F9CEB2495930D000A40A9 /* Build configuration list for PBXProject "Lesson-9-Functions" */;
			compatibilityVersion = "Xcode 9.3";
			developmentRegion = en;
			hasScannedForEncodings = 0;
			knownRegions = (
				en,
				Base,
			);
			mainGroup = C03F9CE72495930D000A40A9;
			productRefGroup = C03F9CF12495930D000A40A9 /* Products */;
			projectDirPath = "";
			projectRoot = "";
			targets = (
				C03F9D00249593A0000A40A9 /* printpyramid */,
				C03F9D0D2495944A000A40A9 /* basetobase */,
				C0BA5C552496989A00C30E26 /* oier */,
			);
		};
/* End PBXProject section */

/* Begin PBXSourcesBuildPhase section */
		C03F9CFD249593A0000A40A9 /* Sources */ = {
			isa = PBXSourcesBuildPhase;
			buildActionMask = 2147483647;
			files = (
				C03F9D08249593B8000A40A9 /* pyramid.cpp in Sources */,
			);
			runOnlyForDeploymentPostprocessing = 0;
		};
		C03F9D0A2495944A000A40A9 /* Sources */ = {
			isa = PBXSourcesBuildPhase;
			buildActionMask = 2147483647;
			files = (
				C03F9D1524959451000A40A9 /* basetobase.cpp in Sources */,
			);
			runOnlyForDeploymentPostprocessing = 0;
		};
		C0BA5C522496989A00C30E26 /* Sources */ = {
			isa = PBXSourcesBuildPhase;
			buildActionMask = 2147483647;
			files = (
				C0BA5C5D249698A100C30E26 /* oier.cpp in Sources */,
			);
			runOnlyForDeploymentPostprocessing = 0;
		};
/* End PBXSourcesBuildPhase section */

/* Begin XCBuildConfiguration section */
		C03F9CF52495930D000A40A9 /* Debug */ = {
			isa = XCBuildConfiguration;
			buildSettings = {
				ALWAYS_SEARCH_USER_PATHS = NO;
				CLANG_ANALYZER_NONNULL = YES;
				CLANG_ANALYZER_NUMBER_OBJECT_CONVERSION = YES_AGGRESSIVE;
				CLANG_CXX_LANGUAGE_STANDARD = "gnu++14";
				CLANG_CXX_LIBRARY = "libc++";
				CLANG_ENABLE_MODULES = YES;
				CLANG_ENABLE_OBJC_ARC = YES;
				CLANG_ENABLE_OBJC_WEAK = YES;
				CLANG_WARN_BLOCK_CAPTURE_AUTORELEASING = YES;
				CLANG_WARN_BOOL_CONVERSION = YES;
				CLANG_WARN_COMMA = YES;
				CLANG_WARN_CONSTANT_CONVERSION = YES;
				CLANG_WARN_DEPRECATED_OBJC_IMPLEMENTATIONS = YES;
				CLANG_WARN_DIRECT_OBJC_ISA_USAGE = YES_ERROR;
				CLANG_WARN_DOCUMENTATION_COMMENTS = YES;
				CLANG_WARN_EMPTY_BODY = YES;
				CLANG_WARN_ENUM_CONVERSION = YES;
				CLANG_WARN_INFINITE_RECURSION = YES;
				CLANG_WARN_INT_CONVERSION = YES;
				CLANG_WARN_NON_LITERAL_NULL_CONVERSION = YES;
				CLANG_WARN_OBJC_IMPLICIT_RETAIN_SELF = YES;
				CLANG_WARN_OBJC_LITERAL_CONVERSION = YES;
				CLANG_WARN_OBJC_ROOT_CLASS = YES_ERROR;
				CLANG_WARN_RANGE_LOOP_ANALYSIS = YES;
				CLANG_WARN_STRICT_PROTOTYPES = YES;
				CLANG_WARN_SUSPICIOUS_MOVE = YES;
				CLANG_WARN_UNGUARDED_AVAILABILITY = YES_AGGRESSIVE;
				CLANG_WARN_UNREACHABLE_CODE = YES;
				CLANG_WARN__DUPLICATE_METHOD_MATCH = YES;
				COPY_PHASE_STRIP = NO;
				DEBUG_INFORMATION_FORMAT = dwarf;
				ENABLE_STRICT_OBJC_MSGSEND = YES;
				ENABLE_TESTABILITY = YES;
				GCC_C_LANGUAGE_STANDARD = gnu11;
				GCC_DYNAMIC_NO_PIC = NO;
				GCC_NO_COMMON_BLOCKS = YES;
				GCC_OPTIMIZATION_LEVEL = 0;
				GCC_PREPROCESSOR_DEFINITIONS = (
					"DEBUG=1",
					"$(inherited)",
				);
				GCC_WARN_64_TO_32_BIT_CONVERSION = YES;
				GCC_WARN_ABOUT_RETURN_TYPE = YES_ERROR;
				GCC_WARN_UNDECLARED_SELECTOR = YES;
				GCC_WARN_UNINITIALIZED_AUTOS = YES_AGGRESSIVE;
				GCC_WARN_UNUSED_FUNCTION = YES;
				GCC_WARN_UNUSED_VARIABLE = YES;
				MACOSX_DEPLOYMENT_TARGET = 10.15;
				MTL_ENABLE_DEBUG_INFO = INCLUDE_SOURCE;
				MTL_FAST_MATH = YES;
				ONLY_ACTIVE_ARCH = YES;
				SDKROOT = macosx;
			};
			name = Debug;
		};
		C03F9CF62495930D000A40A9 /* Release */ = {
			isa = XCBuildConfiguration;
			buildSettings = {
				ALWAYS_SEARCH_USER_PATHS = NO;
				CLANG_ANALYZER_NONNULL = YES;
				CLANG_ANALYZER_NUMBER_OBJECT_CONVERSION = YES_AGGRESSIVE;
				CLANG_CXX_LANGUAGE_STANDARD = "gnu++14";
				CLANG_CXX_LIBRARY = "libc++";
				CLANG_ENABLE_MODULES = YES;
				CLANG_ENABLE_OBJC_ARC = YES;
				CLANG_ENABLE_OBJC_WEAK = YES;
				CLANG_WARN_BLOCK_CAPTURE_AUTORELEASING = YES;
				CLANG_WARN_BOOL_CONVERSION = YES;
				CLANG_WARN_COMMA = YES;
				CLANG_WARN_CONSTANT_CONVERSION = YES;
				CLANG_WARN_DEPRECATED_OBJC_IMPLEMENTATIONS = YES;
				CLANG_WARN_DIRECT_OBJC_ISA_USAGE = YES_ERROR;
				CLANG_WARN_DOCUMENTATION_COMMENTS = YES;
				CLANG_WARN_EMPTY_BODY = YES;
				CLANG_WARN_ENUM_CONVERSION = YES;
				CLANG_WARN_INFINITE_RECURSION = YES;
				CLANG_WARN_INT_CONVERSION = YES;
				CLANG_WARN_NON_LITERAL_NULL_CONVERSION = YES;
				CLANG_WARN_OBJC_IMPLICIT_RETAIN_SELF = YES;
				CLANG_WARN_OBJC_LITERAL_CONVERSION = YES;
				CLANG_WARN_OBJC_ROOT_CLASS = YES_ERROR;
				CLANG_WARN_RANGE_LOOP_ANALYSIS = YES;
				CLANG_WARN_STRICT_PROTOTYPES = YES;
				CLANG_WARN_SUSPICIOUS_MOVE = YES;
				CLANG_WARN_UNGUARDED_AVAILABILITY = YES_AGGRESSIVE;
				CLANG_WARN_UNREACHABLE_CODE = YES;
				CLANG_WARN__DUPLICATE_METHOD_MATCH = YES;
				COPY_PHASE_STRIP = NO;
				DEBUG_INFORMATION_FORMAT = "dwarf-with-dsym";
				ENABLE_NS_ASSERTIONS = NO;
				ENABLE_STRICT_OBJC_MSGSEND = YES;
				GCC_C_LANGUAGE_STANDARD = gnu11;
				GCC_NO_COMMON_BLOCKS = YES;
				GCC_WARN_64_TO_32_BIT_CONVERSION = YES;
				GCC_WARN_ABOUT_RETURN_TYPE = YES_ERROR;
				GCC_WARN_UNDECLARED_SELECTOR = YES;
				GCC_WARN_UNINITIALIZED_AUTOS = YES_AGGRESSIVE;
				GCC_WARN_UNUSED_FUNCTION = YES;
				GCC_WARN_UNUSED_VARIABLE = YES;
				MACOSX_DEPLOYMENT_TARGET = 10.15;
				MTL_ENABLE_DEBUG_INFO = NO;
				MTL_FAST_MATH = YES;
				SDKROOT = macosx;
			};
			name = Release;
		};
		C03F9D06249593A0000A40A9 /* Debug */ = {
			isa = XCBuildConfiguration;
			buildSettings = {
				CODE_SIGN_STYLE = Automatic;
				PRODUCT_NAME = "$(TARGET_NAME)";
			};
			name = Debug;
		};
		C03F9D07249593A0000A40A9 /* Release */ = {
			isa = XCBuildConfiguration;
			buildSettings = {
				CODE_SIGN_STYLE = Automatic;
				PRODUCT_NAME = "$(TARGET_NAME)";
			};
			name = Release;
		};
		C03F9D132495944A000A40A9 /* Debug */ = {
			isa = XCBuildConfiguration;
			buildSettings = {
				CODE_SIGN_STYLE = Automatic;
				PRODUCT_NAME = "$(TARGET_NAME)";
			};
			name = Debug;
		};
		C03F9D142495944A000A40A9 /* Release */ = {
			isa = XCBuildConfiguration;
			buildSettings = {
				CODE_SIGN_STYLE = Automatic;
				PRODUCT_NAME = "$(TARGET_NAME)";
			};
			name = Release;
		};
		C0BA5C5B2496989A00C30E26 /* Debug */ = {
			isa = XCBuildConfiguration;
			buildSettings = {
				CODE_SIGN_STYLE = Automatic;
				PRODUCT_NAME = "$(TARGET_NAME)";
			};
			name = Debug;
		};
		C0BA5C5C2496989A00C30E26 /* Release */ = {
			isa = XCBuildConfiguration;
			buildSettings = {
				CODE_SIGN_STYLE = Automatic;
				PRODUCT_NAME = "$(TARGET_NAME)";
			};
			name = Release;
		};
/* End XCBuildConfiguration section */

/* Begin XCConfigurationList section */
		C03F9CEB2495930D000A40A9 /* Build configuration list for PBXProject "Lesson-9-Functions" */ = {
			isa = XCConfigurationList;
			buildConfigurations = (
				C03F9CF52495930D000A40A9 /* Debug */,
				C03F9CF62495930D000A40A9 /* Release */,
			);
			defaultConfigurationIsVisible = 0;
			defaultConfigurationName = Release;
		};
		C03F9D05249593A0000A40A9 /* Build configuration list for PBXNativeTarget "printpyramid" */ = {
			isa = XCConfigurationList;
			buildConfigurations = (
				C03F9D06249593A0000A40A9 /* Debug */,
				C03F9D07249593A0000A40A9 /* Release */,
			);
			defaultConfigurationIsVisible = 0;
			defaultConfigurationName = Release;
		};
		C03F9D122495944A000A40A9 /* Build configuration list for PBXNativeTarget "basetobase" */ = {
			isa = XCConfigurationList;
			buildConfigurations = (
				C03F9D132495944A000A40A9 /* Debug */,
				C03F9D142495944A000A40A9 /* Release */,
			);
			defaultConfigurationIsVisible = 0;
			defaultConfigurationName = Release;
		};
		C0BA5C5A2496989A00C30E26 /* Build configuration list for PBXNativeTarget "oier" */ = {
			isa = XCConfigurationList;
			buildConfigurations = (
				C0BA5C5B2496989A00C30E26 /* Debug */,
				C0BA5C5C2496989A00C30E26 /* Release */,
			);
			defaultConfigurationIsVisible = 0;
			defaultConfigurationName = Release;
		};
/* End XCConfigurationList section */
	};
	rootObject = C03F9CE82495930D000A40A9 /* Project object */;
}
